
Microsoft Visual Studio Solution File, Format Version 12.00
# Visual Studio 15
VisualStudioVersion = 15.0.28010.2016
MinimumVisualStudioVersion = 10.0.40219.1
Project("{9A19103F-16F7-4668-BE54-9A1E7A4F7556}") = "SavegameToolkit", "SavegameToolkit\SavegameToolkit.csproj", "{7B8A4AF6-C377-450B-8BD1-D85280464A2D}"
EndProject
Project("{2150E333-8FDC-42A3-9474-1A3956D46DE8}") = "ArkTools", "ArkTools", "{C368D04D-29BE-4980-81BC-B7C61F2B54F1}"
EndProject
Project("{2150E333-8FDC-42A3-9474-1A3956D46DE8}") = "Helpers", "Helpers", "{9310BE05-FFDB-461F-83E1-9458879C0617}"
EndProject
Project("{2150E333-8FDC-42A3-9474-1A3956D46DE8}") = "3rd party", "3rd party", "{5B8A4F93-BD86-4AA7-B6B5-6E5DFF72DF44}"
EndProject
Project("{9A19103F-16F7-4668-BE54-9A1E7A4F7556}") = "MonoOptions", "MonoOptions\MonoOptions.csproj", "{566867C7-0B61-43A8-A6C9-5B6B9632E12C}"
EndProject
Project("{9A19103F-16F7-4668-BE54-9A1E7A4F7556}") = "CompareJson", "CompareJson\CompareJson.csproj", "{67404A65-7D62-4642-8DBF-2869002E074D}"
EndProject
Project("{9A19103F-16F7-4668-BE54-9A1E7A4F7556}") = "SavegameToolkitAdditions", "SavegameToolkitAdditions\SavegameToolkitAdditions.csproj", "{CA3F4E34-B3C6-46D2-AAD9-271C870CECD4}"
EndProject
Project("{9A19103F-16F7-4668-BE54-9A1E7A4F7556}") = "ArkTools", "ArkTools\ArkTools.csproj", "{94B2198B-66AF-4F02-9BD2-45E62CAE7615}"
EndProject
Project("{FAE04EC0-301F-11D3-BF4B-00C04F79EFBC}") = "ArkSaveAnalyzer", "ArkSaveAnalyzer\ArkSaveAnalyzer.csproj", "{291EE105-C6FB-4E37-A7EC-6DFF922C61F9}"
EndProject
Project("{2150E333-8FDC-42A3-9474-1A3956D46DE8}") = "Solution Items", "Solution Items", "{C49639EF-E8E2-4C6C-AC65-5399230FF771}"
	ProjectSection(SolutionItems) = preProject
		README.md = README.md
	EndProjectSection
EndProject
Global
	GlobalSection(SolutionConfigurationPlatforms) = preSolution
		Cloud2J|Any CPU = Cloud2J|Any CPU
		Debug|Any CPU = Debug|Any CPU
		LocalProfile2J|Any CPU = LocalProfile2J|Any CPU
		Map2J|Any CPU = Map2J|Any CPU
		Profile2J|Any CPU = Profile2J|Any CPU
		Release|Any CPU = Release|Any CPU
		Tribe2J|Any CPU = Tribe2J|Any CPU
	EndGlobalSection
	GlobalSection(ProjectConfigurationPlatforms) = postSolution
		{7B8A4AF6-C377-450B-8BD1-D85280464A2D}.Cloud2J|Any CPU.ActiveCfg = Debug|Any CPU
		{7B8A4AF6-C377-450B-8BD1-D85280464A2D}.Cloud2J|Any CPU.Build.0 = Debug|Any CPU
		{7B8A4AF6-C377-450B-8BD1-D85280464A2D}.Debug|Any CPU.ActiveCfg = Debug|Any CPU
		{7B8A4AF6-C377-450B-8BD1-D85280464A2D}.Debug|Any CPU.Build.0 = Debug|Any CPU
		{7B8A4AF6-C377-450B-8BD1-D85280464A2D}.LocalProfile2J|Any CPU.ActiveCfg = Debug|Any CPU
		{7B8A4AF6-C377-450B-8BD1-D85280464A2D}.LocalProfile2J|Any CPU.Build.0 = Debug|Any CPU
		{7B8A4AF6-C377-450B-8BD1-D85280464A2D}.Map2J|Any CPU.ActiveCfg = Debug|Any CPU
		{7B8A4AF6-C377-450B-8BD1-D85280464A2D}.Map2J|Any CPU.Build.0 = Debug|Any CPU
		{7B8A4AF6-C377-450B-8BD1-D85280464A2D}.Profile2J|Any CPU.ActiveCfg = Debug|Any CPU
		{7B8A4AF6-C377-450B-8BD1-D85280464A2D}.Profile2J|Any CPU.Build.0 = Debug|Any CPU
		{7B8A4AF6-C377-450B-8BD1-D85280464A2D}.Release|Any CPU.ActiveCfg = Release|Any CPU
		{7B8A4AF6-C377-450B-8BD1-D85280464A2D}.Release|Any CPU.Build.0 = Release|Any CPU
		{7B8A4AF6-C377-450B-8BD1-D85280464A2D}.Tribe2J|Any CPU.ActiveCfg = Debug|Any CPU
		{7B8A4AF6-C377-450B-8BD1-D85280464A2D}.Tribe2J|Any CPU.Build.0 = Debug|Any CPU
		{566867C7-0B61-43A8-A6C9-5B6B9632E12C}.Cloud2J|Any CPU.ActiveCfg = Debug|Any CPU
		{566867C7-0B61-43A8-A6C9-5B6B9632E12C}.Cloud2J|Any CPU.Build.0 = Debug|Any CPU
		{566867C7-0B61-43A8-A6C9-5B6B9632E12C}.Debug|Any CPU.ActiveCfg = Debug|Any CPU
		{566867C7-0B61-43A8-A6C9-5B6B9632E12C}.Debug|Any CPU.Build.0 = Debug|Any CPU
		{566867C7-0B61-43A8-A6C9-5B6B9632E12C}.LocalProfile2J|Any CPU.ActiveCfg = Debug|Any CPU
		{566867C7-0B61-43A8-A6C9-5B6B9632E12C}.LocalProfile2J|Any CPU.Build.0 = Debug|Any CPU
		{566867C7-0B61-43A8-A6C9-5B6B9632E12C}.Map2J|Any CPU.ActiveCfg = Debug|Any CPU
		{566867C7-0B61-43A8-A6C9-5B6B9632E12C}.Map2J|Any CPU.Build.0 = Debug|Any CPU
		{566867C7-0B61-43A8-A6C9-5B6B9632E12C}.Profile2J|Any CPU.ActiveCfg = Debug|Any CPU
		{566867C7-0B61-43A8-A6C9-5B6B9632E12C}.Profile2J|Any CPU.Build.0 = Debug|Any CPU
		{566867C7-0B61-43A8-A6C9-5B6B9632E12C}.Release|Any CPU.ActiveCfg = Release|Any CPU
		{566867C7-0B61-43A8-A6C9-5B6B9632E12C}.Release|Any CPU.Build.0 = Release|Any CPU
		{566867C7-0B61-43A8-A6C9-5B6B9632E12C}.Tribe2J|Any CPU.ActiveCfg = Debug|Any CPU
		{566867C7-0B61-43A8-A6C9-5B6B9632E12C}.Tribe2J|Any CPU.Build.0 = Debug|Any CPU
		{67404A65-7D62-4642-8DBF-2869002E074D}.Cloud2J|Any CPU.ActiveCfg = Cloud2J|Any CPU
		{67404A65-7D62-4642-8DBF-2869002E074D}.Cloud2J|Any CPU.Build.0 = Cloud2J|Any CPU
		{67404A65-7D62-4642-8DBF-2869002E074D}.Debug|Any CPU.ActiveCfg = Debug|Any CPU
		{67404A65-7D62-4642-8DBF-2869002E074D}.Debug|Any CPU.Build.0 = Debug|Any CPU
		{67404A65-7D62-4642-8DBF-2869002E074D}.LocalProfile2J|Any CPU.ActiveCfg = LocalProfile2J|Any CPU
		{67404A65-7D62-4642-8DBF-2869002E074D}.LocalProfile2J|Any CPU.Build.0 = LocalProfile2J|Any CPU
		{67404A65-7D62-4642-8DBF-2869002E074D}.Map2J|Any CPU.ActiveCfg = Map2J|Any CPU
		{67404A65-7D62-4642-8DBF-2869002E074D}.Map2J|Any CPU.Build.0 = Map2J|Any CPU
		{67404A65-7D62-4642-8DBF-2869002E074D}.Profile2J|Any CPU.ActiveCfg = Profile2J|Any CPU
		{67404A65-7D62-4642-8DBF-2869002E074D}.Profile2J|Any CPU.Build.0 = Profile2J|Any CPU
		{67404A65-7D62-4642-8DBF-2869002E074D}.Release|Any CPU.ActiveCfg = Release|Any CPU
		{67404A65-7D62-4642-8DBF-2869002E074D}.Release|Any CPU.Build.0 = Release|Any CPU
		{67404A65-7D62-4642-8DBF-2869002E074D}.Tribe2J|Any CPU.ActiveCfg = Tribe2J|Any CPU
		{67404A65-7D62-4642-8DBF-2869002E074D}.Tribe2J|Any CPU.Build.0 = Tribe2J|Any CPU
		{CA3F4E34-B3C6-46D2-AAD9-271C870CECD4}.Cloud2J|Any CPU.ActiveCfg = Debug|Any CPU
		{CA3F4E34-B3C6-46D2-AAD9-271C870CECD4}.Cloud2J|Any CPU.Build.0 = Debug|Any CPU
		{CA3F4E34-B3C6-46D2-AAD9-271C870CECD4}.Debug|Any CPU.ActiveCfg = Debug|Any CPU
		{CA3F4E34-B3C6-46D2-AAD9-271C870CECD4}.Debug|Any CPU.Build.0 = Debug|Any CPU
		{CA3F4E34-B3C6-46D2-AAD9-271C870CECD4}.LocalProfile2J|Any CPU.ActiveCfg = Debug|Any CPU
		{CA3F4E34-B3C6-46D2-AAD9-271C870CECD4}.LocalProfile2J|Any CPU.Build.0 = Debug|Any CPU
		{CA3F4E34-B3C6-46D2-AAD9-271C870CECD4}.Map2J|Any CPU.ActiveCfg = Debug|Any CPU
		{CA3F4E34-B3C6-46D2-AAD9-271C870CECD4}.Map2J|Any CPU.Build.0 = Debug|Any CPU
		{CA3F4E34-B3C6-46D2-AAD9-271C870CECD4}.Profile2J|Any CPU.ActiveCfg = Debug|Any CPU
		{CA3F4E34-B3C6-46D2-AAD9-271C870CECD4}.Profile2J|Any CPU.Build.0 = Debug|Any CPU
		{CA3F4E34-B3C6-46D2-AAD9-271C870CECD4}.Release|Any CPU.ActiveCfg = Release|Any CPU
		{CA3F4E34-B3C6-46D2-AAD9-271C870CECD4}.Release|Any CPU.Build.0 = Release|Any CPU
		{CA3F4E34-B3C6-46D2-AAD9-271C870CECD4}.Tribe2J|Any CPU.ActiveCfg = Debug|Any CPU
		{CA3F4E34-B3C6-46D2-AAD9-271C870CECD4}.Tribe2J|Any CPU.Build.0 = Debug|Any CPU
		{94B2198B-66AF-4F02-9BD2-45E62CAE7615}.Cloud2J|Any CPU.ActiveCfg = Cloud2J|Any CPU
		{94B2198B-66AF-4F02-9BD2-45E62CAE7615}.Cloud2J|Any CPU.Build.0 = Cloud2J|Any CPU
		{94B2198B-66AF-4F02-9BD2-45E62CAE7615}.Debug|Any CPU.ActiveCfg = Debug|Any CPU
		{94B2198B-66AF-4F02-9BD2-45E62CAE7615}.Debug|Any CPU.Build.0 = Debug|Any CPU
		{94B2198B-66AF-4F02-9BD2-45E62CAE7615}.LocalProfile2J|Any CPU.ActiveCfg = LocalProfile2J|Any CPU
		{94B2198B-66AF-4F02-9BD2-45E62CAE7615}.LocalProfile2J|Any CPU.Build.0 = LocalProfile2J|Any CPU
		{94B2198B-66AF-4F02-9BD2-45E62CAE7615}.Map2J|Any CPU.ActiveCfg = Map2J|Any CPU
		{94B2198B-66AF-4F02-9BD2-45E62CAE7615}.Map2J|Any CPU.Build.0 = Map2J|Any CPU
		{94B2198B-66AF-4F02-9BD2-45E62CAE7615}.Profile2J|Any CPU.ActiveCfg = Profile2J|Any CPU
		{94B2198B-66AF-4F02-9BD2-45E62CAE7615}.Profile2J|Any CPU.Build.0 = Profile2J|Any CPU
		{94B2198B-66AF-4F02-9BD2-45E62CAE7615}.Release|Any CPU.ActiveCfg = Release|Any CPU
		{94B2198B-66AF-4F02-9BD2-45E62CAE7615}.Release|Any CPU.Build.0 = Release|Any CPU
		{94B2198B-66AF-4F02-9BD2-45E62CAE7615}.Tribe2J|Any CPU.ActiveCfg = Tribe2J|Any CPU
		{94B2198B-66AF-4F02-9BD2-45E62CAE7615}.Tribe2J|Any CPU.Build.0 = Tribe2J|Any CPU
		{291EE105-C6FB-4E37-A7EC-6DFF922C61F9}.Cloud2J|Any CPU.ActiveCfg = Release|Any CPU
		{291EE105-C6FB-4E37-A7EC-6DFF922C61F9}.Cloud2J|Any CPU.Build.0 = Release|Any CPU
		{291EE105-C6FB-4E37-A7EC-6DFF922C61F9}.Debug|Any CPU.ActiveCfg = Debug|Any CPU
		{291EE105-C6FB-4E37-A7EC-6DFF922C61F9}.Debug|Any CPU.Build.0 = Debug|Any CPU
		{291EE105-C6FB-4E37-A7EC-6DFF922C61F9}.LocalProfile2J|Any CPU.ActiveCfg = Release|Any CPU
		{291EE105-C6FB-4E37-A7EC-6DFF922C61F9}.LocalProfile2J|Any CPU.Build.0 = Release|Any CPU
		{291EE105-C6FB-4E37-A7EC-6DFF922C61F9}.Map2J|Any CPU.ActiveCfg = Release|Any CPU
		{291EE105-C6FB-4E37-A7EC-6DFF922C61F9}.Map2J|Any CPU.Build.0 = Release|Any CPU
		{291EE105-C6FB-4E37-A7EC-6DFF922C61F9}.Profile2J|Any CPU.ActiveCfg = Release|Any CPU
		{291EE105-C6FB-4E37-A7EC-6DFF922C61F9}.Profile2J|Any CPU.Build.0 = Release|Any CPU
		{291EE105-C6FB-4E37-A7EC-6DFF922C61F9}.Release|Any CPU.ActiveCfg = Release|Any CPU
		{291EE105-C6FB-4E37-A7EC-6DFF922C61F9}.Release|Any CPU.Build.0 = Release|Any CPU
		{291EE105-C6FB-4E37-A7EC-6DFF922C61F9}.Tribe2J|Any CPU.ActiveCfg = Release|Any CPU
		{291EE105-C6FB-4E37-A7EC-6DFF922C61F9}.Tribe2J|Any CPU.Build.0 = Release|Any CPU
	EndGlobalSection
	GlobalSection(SolutionProperties) = preSolution
		HideSolutionNode = FALSE
	EndGlobalSection
	GlobalSection(NestedProjects) = preSolution
		{7B8A4AF6-C377-450B-8BD1-D85280464A2D} = {C368D04D-29BE-4980-81BC-B7C61F2B54F1}
		{9310BE05-FFDB-461F-83E1-9458879C0617} = {C368D04D-29BE-4980-81BC-B7C61F2B54F1}
		{5B8A4F93-BD86-4AA7-B6B5-6E5DFF72DF44} = {C368D04D-29BE-4980-81BC-B7C61F2B54F1}
		{566867C7-0B61-43A8-A6C9-5B6B9632E12C} = {5B8A4F93-BD86-4AA7-B6B5-6E5DFF72DF44}
		{67404A65-7D62-4642-8DBF-2869002E074D} = {9310BE05-FFDB-461F-83E1-9458879C0617}
		{CA3F4E34-B3C6-46D2-AAD9-271C870CECD4} = {C368D04D-29BE-4980-81BC-B7C61F2B54F1}
		{94B2198B-66AF-4F02-9BD2-45E62CAE7615} = {C368D04D-29BE-4980-81BC-B7C61F2B54F1}
	EndGlobalSection
	GlobalSection(ExtensibilityGlobals) = postSolution
		SolutionGuid = {D3325D1E-2734-4DD1-9207-DD7701ABAC85}
	EndGlobalSection
EndGlobal
